
Microsoft Visual Studio Solution File, Format Version 12.00
# Visual Studio Version 17
VisualStudioVersion = 17.1.31911.260
MinimumVisualStudioVersion = 10.0.40219.1
Project("{FAE04EC0-301F-11D3-BF4B-00C04F79EFBC}") = "TonysProgrammingBooks", "TonysProgrammingBooks.csproj", "{F54FFE70-D2BB-43F0-AAE5-8D8D1B05AC44}"
EndProject
Global
	GlobalSection(SolutionConfigurationPlatforms) = preSolution
		Debug|Any CPU = Debug|Any CPU
		Release|Any CPU = Release|Any CPU
	EndGlobalSection
	GlobalSection(ProjectConfigurationPlatforms) = postSolution
		{F54FFE70-D2BB-43F0-AAE5-8D8D1B05AC44}.Debug|Any CPU.ActiveCfg = Debug|Any CPU
		{F54FFE70-D2BB-43F0-AAE5-8D8D1B05AC44}.Debug|Any CPU.Build.0 = Debug|Any CPU
		{F54FFE70-D2BB-43F0-AAE5-8D8D1B05AC44}.Release|Any CPU.ActiveCfg = Release|Any CPU
		{F54FFE70-D2BB-43F0-AAE5-8D8D1B05AC44}.Release|Any CPU.Build.0 = Release|Any CPU
	EndGlobalSection
	GlobalSection(SolutionProperties) = preSolution
		HideSolutionNode = FALSE
	EndGlobalSection
	GlobalSection(ExtensibilityGlobals) = postSolution
		SolutionGuid = {0832D52E-220F-492F-8FB3-FE2966E792DF}
	EndGlobalSection
EndGlobal
